
Microsoft Visual Studio Solution File, Format Version 12.00
# Visual Studio 15
VisualStudioVersion = 15.0.27004.2005
MinimumVisualStudioVersion = 10.0.40219.1
Project("{9A19103F-16F7-4668-BE54-9A1E7A4F7556}") = "Eventos.App", "Eventos.App\Eventos.App.csproj", "{3611C563-8772-4B44-B177-9E68ABF09F39}"
EndProject
Project("{9A19103F-16F7-4668-BE54-9A1E7A4F7556}") = "Eventos.AcessoADados", "Eventos.AcessoADados\Eventos.AcessoADados.csproj", "{77A42C77-6DED-4560-B899-640C9378796D}"
EndProject
Project("{FAE04EC0-301F-11D3-BF4B-00C04F79EFBC}") = "Eventos.RegrasDeNegocio", "Eventos.RegrasDeNegocio\Eventos.RegrasDeNegocio.csproj", "{26D3EE59-685F-4CD3-ABC8-278610C97519}"
EndProject
Global
	GlobalSection(SolutionConfigurationPlatforms) = preSolution
		Debug|Any CPU = Debug|Any CPU
		Release|Any CPU = Release|Any CPU
	EndGlobalSection
	GlobalSection(ProjectConfigurationPlatforms) = postSolution
		{3611C563-8772-4B44-B177-9E68ABF09F39}.Debug|Any CPU.ActiveCfg = Debug|Any CPU
		{3611C563-8772-4B44-B177-9E68ABF09F39}.Debug|Any CPU.Build.0 = Debug|Any CPU
		{3611C563-8772-4B44-B177-9E68ABF09F39}.Release|Any CPU.ActiveCfg = Release|Any CPU
		{3611C563-8772-4B44-B177-9E68ABF09F39}.Release|Any CPU.Build.0 = Release|Any CPU
		{77A42C77-6DED-4560-B899-640C9378796D}.Debug|Any CPU.ActiveCfg = Debug|Any CPU
		{77A42C77-6DED-4560-B899-640C9378796D}.Debug|Any CPU.Build.0 = Debug|Any CPU
		{77A42C77-6DED-4560-B899-640C9378796D}.Release|Any CPU.ActiveCfg = Release|Any CPU
		{77A42C77-6DED-4560-B899-640C9378796D}.Release|Any CPU.Build.0 = Release|Any CPU
		{26D3EE59-685F-4CD3-ABC8-278610C97519}.Debug|Any CPU.ActiveCfg = Debug|Any CPU
		{26D3EE59-685F-4CD3-ABC8-278610C97519}.Debug|Any CPU.Build.0 = Debug|Any CPU
		{26D3EE59-685F-4CD3-ABC8-278610C97519}.Release|Any CPU.ActiveCfg = Release|Any CPU
		{26D3EE59-685F-4CD3-ABC8-278610C97519}.Release|Any CPU.Build.0 = Release|Any CPU
	EndGlobalSection
	GlobalSection(SolutionProperties) = preSolution
		HideSolutionNode = FALSE
	EndGlobalSection
	GlobalSection(ExtensibilityGlobals) = postSolution
		SolutionGuid = {29E3A726-6AFC-4C3B-925F-D2FD9527A38F}
	EndGlobalSection
EndGlobal
